
Microsoft Visual Studio Solution File, Format Version 12.00
# Visual Studio Version 17
VisualStudioVersion = 17.12.35527.113 d17.12
MinimumVisualStudioVersion = 10.0.40219.1
Project("{8BC9CEB8-8B4A-11D0-8D11-00A0C91BC942}") = "Oblig1-1", "Oblig1-1\Oblig1-1.vcxproj", "{48E23C6C-F7BA-4F8A-9D7A-FD50EDC84BCB}"
EndProject
Global
	GlobalSection(SolutionConfigurationPlatforms) = preSolution
		Debug|x64 = Debug|x64
		Debug|x86 = Debug|x86
		Release|x64 = Release|x64
		Release|x86 = Release|x86
	EndGlobalSection
	GlobalSection(ProjectConfigurationPlatforms) = postSolution
		{48E23C6C-F7BA-4F8A-9D7A-FD50EDC84BCB}.Debug|x64.ActiveCfg = Debug|x64
		{48E23C6C-F7BA-4F8A-9D7A-FD50EDC84BCB}.Debug|x64.Build.0 = Debug|x64
		{48E23C6C-F7BA-4F8A-9D7A-FD50EDC84BCB}.Debug|x86.ActiveCfg = Debug|Win32
		{48E23C6C-F7BA-4F8A-9D7A-FD50EDC84BCB}.Debug|x86.Build.0 = Debug|Win32
		{48E23C6C-F7BA-4F8A-9D7A-FD50EDC84BCB}.Release|x64.ActiveCfg = Release|x64
		{48E23C6C-F7BA-4F8A-9D7A-FD50EDC84BCB}.Release|x64.Build.0 = Release|x64
		{48E23C6C-F7BA-4F8A-9D7A-FD50EDC84BCB}.Release|x86.ActiveCfg = Release|Win32
		{48E23C6C-F7BA-4F8A-9D7A-FD50EDC84BCB}.Release|x86.Build.0 = Release|Win32
	EndGlobalSection
	GlobalSection(SolutionProperties) = preSolution
		HideSolutionNode = FALSE
	EndGlobalSection
EndGlobal
